lockfile_version: '1'
generated_at: '2026-09-03T08:40:33.957487+00:00'
apm_version: 0.26.0
dependencies:
- repo_url: danielmeppiel/genesis
  name: genesis
  host: github.com
  resolved_commit: 18e73c35e5cefaf431fbe4e080e8f125ebfece33
  version: 0.4.0
  package_type: skill_bundle
  deployed_files:
  - .agents/skills/genesis
  - .agents/skills/genesis/SKILL.md
  - .agents/skills/genesis/agents/genesis-architect.agent.md
  - .agents/skills/genesis/assets/architectural-patterns.md
  - .agents/skills/genesis/assets/caveman-templates.md
  - .agents/skills/genesis/assets/composition-substrate.md
  - .agents/skills/genesis/assets/design-patterns.md
  - .agents/skills/genesis/assets/mermaid-conventions.md
  - .agents/skills/genesis/assets/module-system-adapters/apm.md
  - .agents/skills/genesis/assets/pattern-tradeoffs.md
  - .agents/skills/genesis/assets/primitives.md
  - .agents/skills/genesis/assets/refactor-patterns.md
  - .agents/skills/genesis/assets/runtime-affordances/common.md
  - .agents/skills/genesis/assets/runtime-affordances/model-catalog.md
  - .agents/skills/genesis/assets/runtime-affordances/per-harness/claude-code.md
  - .agents/skills/genesis/assets/runtime-affordances/per-harness/codex.md
  - .agents/skills/genesis/assets/runtime-affordances/per-harness/copilot.md
  - .agents/skills/genesis/assets/runtime-affordances/per-harness/cursor.md
  - .agents/skills/genesis/assets/runtime-affordances/per-harness/opencode.md
  - .agents/skills/genesis/assets/runtime-affordances/per-trigger-surface/gh-aw.md
  - .agents/skills/genesis/assets/runtime-affordances/portability-rules.md
  - .agents/skills/genesis/assets/runtime-affordances/references/benchmark-grounding.md
  - .agents/skills/genesis/assets/token-economics.md
  - .agents/skills/genesis/examples/01-readme-iteration.md
  - .agents/skills/genesis/examples/02-review-panel-architecture.md
  - .agents/skills/genesis/examples/03-release-notes-single-skill.md
  - .agents/skills/genesis/examples/04-pr-review-advisory.md
  - .agents/skills/genesis/examples/05-pr-review-verdict.md
  - .agents/skills/genesis/examples/06-cost-aware-panel.md
  - .agents/skills/genesis/examples/README.md
  - .agents/skills/genesis/references/audience-boundary.md
  - .agents/skills/genesis/references/cost-economics-process.md
  - .claude/skills/genesis
  - .claude/skills/genesis/SKILL.md
  - .claude/skills/genesis/agents/genesis-architect.agent.md
  - .claude/skills/genesis/assets/architectural-patterns.md
  - .claude/skills/genesis/assets/caveman-templates.md
  - .claude/skills/genesis/assets/composition-substrate.md
  - .claude/skills/genesis/assets/design-patterns.md
  - .claude/skills/genesis/assets/mermaid-conventions.md
  - .claude/skills/genesis/assets/module-system-adapters/apm.md
  - .claude/skills/genesis/assets/pattern-tradeoffs.md
  - .claude/skills/genesis/assets/primitives.md
  - .claude/skills/genesis/assets/refactor-patterns.md
  - .claude/skills/genesis/assets/runtime-affordances/common.md
  - .claude/skills/genesis/assets/runtime-affordances/model-catalog.md
  - .claude/skills/genesis/assets/runtime-affordances/per-harness/claude-code.md
  - .claude/skills/genesis/assets/runtime-affordances/per-harness/codex.md
  - .claude/skills/genesis/assets/runtime-affordances/per-harness/copilot.md
  - .claude/skills/genesis/assets/runtime-affordances/per-harness/cursor.md
  - .claude/skills/genesis/assets/runtime-affordances/per-harness/opencode.md
  - .claude/skills/genesis/assets/runtime-affordances/per-trigger-surface/gh-aw.md
  - .claude/skills/genesis/assets/runtime-affordances/portability-rules.md
  - .claude/skills/genesis/assets/runtime-affordances/references/benchmark-grounding.md
  - .claude/skills/genesis/assets/token-economics.md
  - .claude/skills/genesis/examples/01-readme-iteration.md
  - .claude/skills/genesis/examples/02-review-panel-architecture.md
  - .claude/skills/genesis/examples/03-release-notes-single-skill.md
  - .claude/skills/genesis/examples/04-pr-review-advisory.md
  - .claude/skills/genesis/examples/05-pr-review-verdict.md
  - .claude/skills/genesis/examples/06-cost-aware-panel.md
  - .claude/skills/genesis/examples/README.md
  - .claude/skills/genesis/references/audience-boundary.md
  - .claude/skills/genesis/references/cost-economics-process.md
  deployed_file_hashes:
    .agents/skills/genesis/SKILL.md: sha256:aac6c9da9ec96b0bb5c1c76da30041fc6a1e8d9449299b8b57d6e495fa8d06d9
    .agents/skills/genesis/agents/genesis-architect.agent.md: sha256:8aef1ec944011982ca863052263bf1fa6d8e798d13d657387b5bd5b1d2f38c43
    .agents/skills/genesis/assets/architectural-patterns.md: sha256:36e01da56846c14fd53cda1a0f57b54cef707bdc48d346fbee7f0589c3c20fc7
    .agents/skills/genesis/assets/caveman-templates.md: sha256:6386595d52c2c92a0670c98528a1c4b68f420b67310c01afc543248dc46903b1
    .agents/skills/genesis/assets/composition-substrate.md: sha256:bf25156120f6a722a84c631df5403183d859378dfafeb23c52afbe28be755625
    .agents/skills/genesis/assets/design-patterns.md: sha256:b74607df38466dc54dd58235486b8cc0846ec9be4658cb5a32d56ac431a746e7
    .agents/skills/genesis/assets/mermaid-conventions.md: sha256:e87d19f79eb696213dce08c92a60da5c552bf0ebe6485c306d7352acce474523
    .agents/skills/genesis/assets/module-system-adapters/apm.md: sha256:da5557656ab329845d12604eac333c885a36661f0c12c7d94542b33c8f373999
    .agents/skills/genesis/assets/pattern-tradeoffs.md: sha256:74276224b4b01f1f4d44fca97fc60898f96d17ba4b9ed80a41ef11cc2009eefa
    .agents/skills/genesis/assets/primitives.md: sha256:2b1e41147f465b28a16b1cff32f0abf464402db035c2d581e65ebc1ab705ba87
    .agents/skills/genesis/assets/refactor-patterns.md: sha256:876038934797d8330f9524d54a637459249f7669d215326d6ca35dca0431eeeb
    .agents/skills/genesis/assets/runtime-affordances/common.md: sha256:e7108e692e3f356a5423f564a5e509ebc6f8a08d569a6c44bf8e5746965ef1a1
    .agents/skills/genesis/assets/runtime-affordances/model-catalog.md: sha256:c88ceb8394dedb609bddf23a04b72fde9c33714dfa124ea4f00b7552b3ce34a5
    .agents/skills/genesis/assets/runtime-affordances/per-harness/claude-code.md: sha256:8a016663e696c229ea29135e37b81f9f7f9c2ba9f493cc1cc54a79bac0582978
    .agents/skills/genesis/assets/runtime-affordances/per-harness/codex.md: sha256:92bf82715e63b2b69e9bc16a42c5e896ce70203a8a83d9fc1969ec3c72d235d9
    .agents/skills/genesis/assets/runtime-affordances/per-harness/copilot.md: sha256:9d264b0bc3dfbb5f73668ac504c354dc5db4a1aedde3f23b302485c0f2a060af
    .agents/skills/genesis/assets/runtime-affordances/per-harness/cursor.md: sha256:ebeebfc846b642cc58eecce3a5e2dfa8c5de4f2509de5acc4e7d08740c329b7e
    .agents/skills/genesis/assets/runtime-affordances/per-harness/opencode.md: sha256:1b920f1a21ed5e0e94eedc354471180e99a17cf5d56df97bebfc1387f2a29315
    .agents/skills/genesis/assets/runtime-affordances/per-trigger-surface/gh-aw.md: sha256:774132a577567ab35b0bd951af8d6ebebbb471fbbc4b2330f09a3db6102909af
    .agents/skills/genesis/assets/runtime-affordances/portability-rules.md: sha256:49b787e57a987ff3b11dacb2d7d5803deb5296f67e78d69f1c980270f8e6d96f
    .agents/skills/genesis/assets/runtime-affordances/references/benchmark-grounding.md: sha256:86484eb8839f1d3e62f50969ee6e6282a3f477dc2c9b3c3a7ad1637809dba393
    .agents/skills/genesis/assets/token-economics.md: sha256:675d0d629e2a3c23da0f8981eb92a0d0fdfeee541e8200c88039790e2d75b04e
    .agents/skills/genesis/examples/01-readme-iteration.md: sha256:faf4c3905829f91ca9c7331636672c86c1dea5f89e6462546f39963f0146a14b
    .agents/skills/genesis/examples/02-review-panel-architecture.md: sha256:2de53dbc41ad6fe1d75dd6b5cdef8a712b3db5c20c19de2e9de37c1bd8ce8372
    .agents/skills/genesis/examples/03-release-notes-single-skill.md: sha256:0c3cd11853c001698127c0ec459ab160ccbbd92693b4af3ba00f38dc66c14dd7
    .agents/skills/genesis/examples/04-pr-review-advisory.md: sha256:95357a340e935eb8b0d6371f1f4b387222e102013c6da1896009b2c65cbaf155
    .agents/skills/genesis/examples/05-pr-review-verdict.md: sha256:0f9c455e60ef7a2b05b82b58f65a22349aa858b2cb68fe381b3e59f157f031ec
    .agents/skills/genesis/examples/06-cost-aware-panel.md: sha256:4b7f3e5a1b406a493ec54ce8dba6f26539b917acc151e7538f6dfc6ffc57f701
    .agents/skills/genesis/examples/README.md: sha256:b2acc15f7533aa601dc832662df98710162149a63e2210f7da9d148f4a386b91
    .agents/skills/genesis/references/audience-boundary.md: sha256:85b1dbc98a0fc3115c6c6a92046a290167e1fcd90fe0ae035ec21026e2ec9387
    .agents/skills/genesis/references/cost-economics-process.md: sha256:e14f743132897132119b0711b252733e4804d55942fca97a2d12d1fc744285f5
    .claude/skills/genesis/SKILL.md: sha256:aac6c9da9ec96b0bb5c1c76da30041fc6a1e8d9449299b8b57d6e495fa8d06d9
    .claude/skills/genesis/agents/genesis-architect.agent.md: sha256:8aef1ec944011982ca863052263bf1fa6d8e798d13d657387b5bd5b1d2f38c43
    .claude/skills/genesis/assets/architectural-patterns.md: sha256:36e01da56846c14fd53cda1a0f57b54cef707bdc48d346fbee7f0589c3c20fc7
    .claude/skills/genesis/assets/caveman-templates.md: sha256:6386595d52c2c92a0670c98528a1c4b68f420b67310c01afc543248dc46903b1
    .claude/skills/genesis/assets/composition-substrate.md: sha256:bf25156120f6a722a84c631df5403183d859378dfafeb23c52afbe28be755625
    .claude/skills/genesis/assets/design-patterns.md: sha256:b74607df38466dc54dd58235486b8cc0846ec9be4658cb5a32d56ac431a746e7
    .claude/skills/genesis/assets/mermaid-conventions.md: sha256:e87d19f79eb696213dce08c92a60da5c552bf0ebe6485c306d7352acce474523
    .claude/skills/genesis/assets/module-system-adapters/apm.md: sha256:da5557656ab329845d12604eac333c885a36661f0c12c7d94542b33c8f373999
    .claude/skills/genesis/assets/pattern-tradeoffs.md: sha256:74276224b4b01f1f4d44fca97fc60898f96d17ba4b9ed80a41ef11cc2009eefa
    .claude/skills/genesis/assets/primitives.md: sha256:2b1e41147f465b28a16b1cff32f0abf464402db035c2d581e65ebc1ab705ba87
    .claude/skills/genesis/assets/refactor-patterns.md: sha256:876038934797d8330f9524d54a637459249f7669d215326d6ca35dca0431eeeb
    .claude/skills/genesis/assets/runtime-affordances/common.md: sha256:e7108e692e3f356a5423f564a5e509ebc6f8a08d569a6c44bf8e5746965ef1a1
    .claude/skills/genesis/assets/runtime-affordances/model-catalog.md: sha256:c88ceb8394dedb609bddf23a04b72fde9c33714dfa124ea4f00b7552b3ce34a5
    .claude/skills/genesis/assets/runtime-affordances/per-harness/claude-code.md: sha256:8a016663e696c229ea29135e37b81f9f7f9c2ba9f493cc1cc54a79bac0582978
    .claude/skills/genesis/assets/runtime-affordances/per-harness/codex.md: sha256:92bf82715e63b2b69e9bc16a42c5e896ce70203a8a83d9fc1969ec3c72d235d9
    .claude/skills/genesis/assets/runtime-affordances/per-harness/copilot.md: sha256:9d264b0bc3dfbb5f73668ac504c354dc5db4a1aedde3f23b302485c0f2a060af
    .claude/skills/genesis/assets/runtime-affordances/per-harness/cursor.md: sha256:ebeebfc846b642cc58eecce3a5e2dfa8c5de4f2509de5acc4e7d08740c329b7e
    .claude/skills/genesis/assets/runtime-affordances/per-harness/opencode.md: sha256:1b920f1a21ed5e0e94eedc354471180e99a17cf5d56df97bebfc1387f2a29315
    .claude/skills/genesis/assets/runtime-affordances/per-trigger-surface/gh-aw.md: sha256:774132a577567ab35b0bd951af8d6ebebbb471fbbc4b2330f09a3db6102909af
    .claude/skills/genesis/assets/runtime-affordances/portability-rules.md: sha256:49b787e57a987ff3b11dacb2d7d5803deb5296f67e78d69f1c980270f8e6d96f
    .claude/skills/genesis/assets/runtime-affordances/references/benchmark-grounding.md: sha256:86484eb8839f1d3e62f50969ee6e6282a3f477dc2c9b3c3a7ad1637809dba393
    .claude/skills/genesis/assets/token-economics.md: sha256:675d0d629e2a3c23da0f8981eb92a0d0fdfeee541e8200c88039790e2d75b04e
    .claude/skills/genesis/examples/01-readme-iteration.md: sha256:faf4c3905829f91ca9c7331636672c86c1dea5f89e6462546f39963f0146a14b
    .claude/skills/genesis/examples/02-review-panel-architecture.md: sha256:2de53dbc41ad6fe1d75dd6b5cdef8a712b3db5c20c19de2e9de37c1bd8ce8372
    .claude/skills/genesis/examples/03-release-notes-single-skill.md: sha256:0c3cd11853c001698127c0ec459ab160ccbbd92693b4af3ba00f38dc66c14dd7
    .claude/skills/genesis/examples/04-pr-review-advisory.md: sha256:95357a340e935eb8b0d6371f1f4b387222e102013c6da1896009b2c65cbaf155
    .claude/skills/genesis/examples/05-pr-review-verdict.md: sha256:0f9c455e60ef7a2b05b82b58f65a22349aa858b2cb68fe381b3e59f157f031ec
    .claude/skills/genesis/examples/06-cost-aware-panel.md: sha256:4b7f3e5a1b406a493ec54ce8dba6f26539b917acc151e7538f6dfc6ffc57f701
    .claude/skills/genesis/examples/README.md: sha256:b2acc15f7533aa601dc832662df98710162149a63e2210f7da9d148f4a386b91
    .claude/skills/genesis/references/audience-boundary.md: sha256:85b1dbc98a0fc3115c6c6a92046a290167e1fcd90fe0ae035ec21026e2ec9387
    .claude/skills/genesis/references/cost-economics-process.md: sha256:e14f743132897132119b0711b252733e4804d55942fca97a2d12d1fc744285f5
  content_hash: sha256:3f941a3e288053f7c0d8111d5febcd2f94de6f9dada7e8479fa676736975a272
  declared_license: Apache-2.0
deployments:
- kind: project-relative
  target: agents
  value: .agents/skills/airchon
  runtime: null
  scope: project
  owners:
  - .
  active_owner: .
  content_hash: null
- kind: project-relative
  target: agents
  value: .agents/skills/airchon-sync
  runtime: null
  scope: project
  owners:
  - .
  active_owner: .
  content_hash: null
- kind: project-relative
  target: agents
  value: .agents/skills/airchon-sync/SKILL.md
  runtime: null
  scope: project
  owners:
  - .
  active_owner: .
  content_hash: sha256:81819df71eb955a8774e393cb9d7f651171a2e169e7be3993aeec0de7733aa6b
- kind: project-relative
  target: agents
  value: .agents/skills/airchon-sync/references/handoff-prompt-template.md
  runtime: null
  scope: project
  owners:
  - .
  active_owner: .
  content_hash: sha256:2a9538d32a460e67ec9d2fdef28938f7fbc74d27128d88a48e239586e9e22a5f
- kind: project-relative
  target: agents
  value: .agents/skills/airchon-sync/scripts/check_drift.py
  runtime: null
  scope: project
  owners:
  - .
  active_owner: .
  content_hash: sha256:8fc15ccc3265c9a67520ab85322f5b58b7646eb96606a87c1b4db2e9e12985a2
- kind: project-relative
  target: agents
  value: .agents/skills/airchon/SKILL.md
  runtime: null
  scope: project
  owners:
  - .
  active_owner: .
  content_hash: sha256:032f831a857d7e13cad0a6a13a20a0223917667d77fdf17903fdfba21716c9c4
- kind: project-relative
  target: agents
  value: .agents/skills/airchon/references/harnesses/agent-loop-implementations.md
  runtime: null
  scope: project
  owners:
  - .
  active_owner: .
  content_hash: sha256:dbf941e48a2a3139a852ff925842e7ab6a0bf60d3452fdf500a0bc494265c6be
- kind: project-relative
  target: agents
  value: .agents/skills/airchon/references/harnesses/agent-loop.md
  runtime: null
  scope: project
  owners:
  - .
  active_owner: .
  content_hash: sha256:74e6ef6b66d3f5e920c9abdd64284e5d6b63ecbb19d45745b31848144d852d04
- kind: project-relative
  target: agents
  value: .agents/skills/airchon/references/harnesses/index.md
  runtime: null
  scope: project
  owners:
  - .
  active_owner: .
  content_hash: sha256:4d6ddb7deb3977af79ad91555ec8f9e2dbd2ac2cad537299bd831bd3f2adb530
- kind: project-relative
  target: agents
  value: .agents/skills/airchon/references/harnesses/instruction-context-budget.md
  runtime: null
  scope: project
  owners:
  - .
  active_owner: .
  content_hash: sha256:0d851fa2b4d1142615c5640b46579ab078ff89f53aaefa0bb92209dee1fc3b5d
- kind: project-relative
  target: agents
  value: .agents/skills/airchon/references/harnesses/mcp-integration.md
  runtime: null
  scope: project
  owners:
  - .
  active_owner: .
  content_hash: sha256:b1569099c5dc0bee4838ef7fbab53d6096eb79f1278d0a55692a97a96f50dde9
- kind: project-relative
  target: agents
  value: .agents/skills/airchon/references/harnesses/memory-management.md
  runtime: null
  scope: project
  owners:
  - .
  active_owner: .
  content_hash: sha256:d27559323f5404548ecd9aa20d701a5da2b77ad8af3c658c32956b59c00c1bf0
- kind: project-relative
  target: claude
  value: .claude/agents/airchon-author.md
  runtime: null
  scope: project
  owners:
  - .
  active_owner: .
  content_hash: sha256:2fe865da154752902625a4ec3f8f9e4e5b85be1baf7b4d6b0ae58f47cc4728ac
- kind: project-relative
  target: claude
  value: .claude/agents/airchon-mentor.md
  runtime: null
  scope: project
  owners:
  - .
  active_owner: .
  content_hash: sha256:e8c74af02a3a6dbc9aa2fd7234a4e943ae91d564fdc99a103c77378f7f6087f6
- kind: project-relative
  target: claude
  value: .claude/agents/airchon-teacher.md
  runtime: null
  scope: project
  owners:
  - .
  active_owner: .
  content_hash: sha256:5d04f3347005e5034b8f4f1bd4cc6261810d94f356e47956729bece74aa3a697
- kind: project-relative
  target: claude
  value: .claude/skills/airchon
  runtime: null
  scope: project
  owners:
  - .
  active_owner: .
  content_hash: null
- kind: project-relative
  target: claude
  value: .claude/skills/airchon-sync
  runtime: null
  scope: project
  owners:
  - .
  active_owner: .
  content_hash: null
- kind: project-relative
  target: claude
  value: .claude/skills/airchon-sync/SKILL.md
  runtime: null
  scope: project
  owners:
  - .
  active_owner: .
  content_hash: sha256:81819df71eb955a8774e393cb9d7f651171a2e169e7be3993aeec0de7733aa6b
- kind: project-relative
  target: claude
  value: .claude/skills/airchon-sync/references/handoff-prompt-template.md
  runtime: null
  scope: project
  owners:
  - .
  active_owner: .
  content_hash: sha256:2a9538d32a460e67ec9d2fdef28938f7fbc74d27128d88a48e239586e9e22a5f
- kind: project-relative
  target: claude
  value: .claude/skills/airchon-sync/scripts/check_drift.py
  runtime: null
  scope: project
  owners:
  - .
  active_owner: .
  content_hash: sha256:8fc15ccc3265c9a67520ab85322f5b58b7646eb96606a87c1b4db2e9e12985a2
- kind: project-relative
  target: claude
  value: .claude/skills/airchon/SKILL.md
  runtime: null
  scope: project
  owners:
  - .
  active_owner: .
  content_hash: sha256:032f831a857d7e13cad0a6a13a20a0223917667d77fdf17903fdfba21716c9c4
- kind: project-relative
  target: claude
  value: .claude/skills/genesis
  runtime: null
  scope: project
  owners:
  - danielmeppiel/genesis
  active_owner: danielmeppiel/genesis
  content_hash: null
- kind: project-relative
  target: claude
  value: .claude/skills/genesis/SKILL.md
  runtime: null
  scope: project
  owners:
  - danielmeppiel/genesis
  active_owner: danielmeppiel/genesis
  content_hash: sha256:aac6c9da9ec96b0bb5c1c76da30041fc6a1e8d9449299b8b57d6e495fa8d06d9
- kind: project-relative
  target: claude
  value: .claude/skills/genesis/agents/genesis-architect.agent.md
  runtime: null
  scope: project
  owners:
  - danielmeppiel/genesis
  active_owner: danielmeppiel/genesis
  content_hash: sha256:8aef1ec944011982ca863052263bf1fa6d8e798d13d657387b5bd5b1d2f38c43
- kind: project-relative
  target: claude
  value: .claude/skills/genesis/assets/architectural-patterns.md
  runtime: null
  scope: project
  owners:
  - danielmeppiel/genesis
  active_owner: danielmeppiel/genesis
  content_hash: sha256:36e01da56846c14fd53cda1a0f57b54cef707bdc48d346fbee7f0589c3c20fc7
- kind: project-relative
  target: claude
  value: .claude/skills/genesis/assets/caveman-templates.md
  runtime: null
  scope: project
  owners:
  - danielmeppiel/genesis
  active_owner: danielmeppiel/genesis
  content_hash: sha256:6386595d52c2c92a0670c98528a1c4b68f420b67310c01afc543248dc46903b1
- kind: project-relative
  target: claude
  value: .claude/skills/genesis/assets/composition-substrate.md
  runtime: null
  scope: project
  owners:
  - danielmeppiel/genesis
  active_owner: danielmeppiel/genesis
  content_hash: sha256:bf25156120f6a722a84c631df5403183d859378dfafeb23c52afbe28be755625
- kind: project-relative
  target: claude
  value: .claude/skills/genesis/assets/design-patterns.md
  runtime: null
  scope: project
  owners:
  - danielmeppiel/genesis
  active_owner: danielmeppiel/genesis
  content_hash: sha256:b74607df38466dc54dd58235486b8cc0846ec9be4658cb5a32d56ac431a746e7
- kind: project-relative
  target: claude
  value: .claude/skills/genesis/assets/mermaid-conventions.md
  runtime: null
  scope: project
  owners:
  - danielmeppiel/genesis
  active_owner: danielmeppiel/genesis
  content_hash: sha256:e87d19f79eb696213dce08c92a60da5c552bf0ebe6485c306d7352acce474523
- kind: project-relative
  target: claude
  value: .claude/skills/genesis/assets/module-system-adapters/apm.md
  runtime: null
  scope: project
  owners:
  - danielmeppiel/genesis
  active_owner: danielmeppiel/genesis
  content_hash: sha256:da5557656ab329845d12604eac333c885a36661f0c12c7d94542b33c8f373999
- kind: project-relative
  target: claude
  value: .claude/skills/genesis/assets/pattern-tradeoffs.md
  runtime: null
  scope: project
  owners:
  - danielmeppiel/genesis
  active_owner: danielmeppiel/genesis
  content_hash: sha256:74276224b4b01f1f4d44fca97fc60898f96d17ba4b9ed80a41ef11cc2009eefa
- kind: project-relative
  target: claude
  value: .claude/skills/genesis/assets/primitives.md
  runtime: null
  scope: project
  owners:
  - danielmeppiel/genesis
  active_owner: danielmeppiel/genesis
  content_hash: sha256:2b1e41147f465b28a16b1cff32f0abf464402db035c2d581e65ebc1ab705ba87
- kind: project-relative
  target: claude
  value: .claude/skills/genesis/assets/refactor-patterns.md
  runtime: null
  scope: project
  owners:
  - danielmeppiel/genesis
  active_owner: danielmeppiel/genesis
  content_hash: sha256:876038934797d8330f9524d54a637459249f7669d215326d6ca35dca0431eeeb
- kind: project-relative
  target: claude
  value: .claude/skills/genesis/assets/runtime-affordances/common.md
  runtime: null
  scope: project
  owners:
  - danielmeppiel/genesis
  active_owner: danielmeppiel/genesis
  content_hash: sha256:e7108e692e3f356a5423f564a5e509ebc6f8a08d569a6c44bf8e5746965ef1a1
- kind: project-relative
  target: claude
  value: .claude/skills/genesis/assets/runtime-affordances/model-catalog.md
  runtime: null
  scope: project
  owners:
  - danielmeppiel/genesis
  active_owner: danielmeppiel/genesis
  content_hash: sha256:c88ceb8394dedb609bddf23a04b72fde9c33714dfa124ea4f00b7552b3ce34a5
- kind: project-relative
  target: claude
  value: .claude/skills/genesis/assets/runtime-affordances/per-harness/claude-code.md
  runtime: null
  scope: project
  owners:
  - danielmeppiel/genesis
  active_owner: danielmeppiel/genesis
  content_hash: sha256:8a016663e696c229ea29135e37b81f9f7f9c2ba9f493cc1cc54a79bac0582978
- kind: project-relative
  target: claude
  value: .claude/skills/genesis/assets/runtime-affordances/per-harness/codex.md
  runtime: null
  scope: project
  owners:
  - danielmeppiel/genesis
  active_owner: danielmeppiel/genesis
  content_hash: sha256:92bf82715e63b2b69e9bc16a42c5e896ce70203a8a83d9fc1969ec3c72d235d9
- kind: project-relative
  target: claude
  value: .claude/skills/genesis/assets/runtime-affordances/per-harness/copilot.md
  runtime: null
  scope: project
  owners:
  - danielmeppiel/genesis
  active_owner: danielmeppiel/genesis
  content_hash: sha256:9d264b0bc3dfbb5f73668ac504c354dc5db4a1aedde3f23b302485c0f2a060af
- kind: project-relative
  target: claude
  value: .claude/skills/genesis/assets/runtime-affordances/per-harness/cursor.md
  runtime: null
  scope: project
  owners:
  - danielmeppiel/genesis
  active_owner: danielmeppiel/genesis
  content_hash: sha256:ebeebfc846b642cc58eecce3a5e2dfa8c5de4f2509de5acc4e7d08740c329b7e
- kind: project-relative
  target: claude
  value: .claude/skills/genesis/assets/runtime-affordances/per-harness/opencode.md
  runtime: null
  scope: project
  owners:
  - danielmeppiel/genesis
  active_owner: danielmeppiel/genesis
  content_hash: sha256:1b920f1a21ed5e0e94eedc354471180e99a17cf5d56df97bebfc1387f2a29315
- kind: project-relative
  target: claude
  value: .claude/skills/genesis/assets/runtime-affordances/per-trigger-surface/gh-aw.md
  runtime: null
  scope: project
  owners:
  - danielmeppiel/genesis
  active_owner: danielmeppiel/genesis
  content_hash: sha256:774132a577567ab35b0bd951af8d6ebebbb471fbbc4b2330f09a3db6102909af
- kind: project-relative
  target: claude
  value: .claude/skills/genesis/assets/runtime-affordances/portability-rules.md
  runtime: null
  scope: project
  owners:
  - danielmeppiel/genesis
  active_owner: danielmeppiel/genesis
  content_hash: sha256:49b787e57a987ff3b11dacb2d7d5803deb5296f67e78d69f1c980270f8e6d96f
- kind: project-relative
  target: claude
  value: .claude/skills/genesis/assets/runtime-affordances/references/benchmark-grounding.md
  runtime: null
  scope: project
  owners:
  - danielmeppiel/genesis
  active_owner: danielmeppiel/genesis
  content_hash: sha256:86484eb8839f1d3e62f50969ee6e6282a3f477dc2c9b3c3a7ad1637809dba393
- kind: project-relative
  target: claude
  value: .claude/skills/genesis/assets/token-economics.md
  runtime: null
  scope: project
  owners:
  - danielmeppiel/genesis
  active_owner: danielmeppiel/genesis
  content_hash: sha256:675d0d629e2a3c23da0f8981eb92a0d0fdfeee541e8200c88039790e2d75b04e
- kind: project-relative
  target: claude
  value: .claude/skills/genesis/examples/01-readme-iteration.md
  runtime: null
  scope: project
  owners:
  - danielmeppiel/genesis
  active_owner: danielmeppiel/genesis
  content_hash: sha256:faf4c3905829f91ca9c7331636672c86c1dea5f89e6462546f39963f0146a14b
- kind: project-relative
  target: claude
  value: .claude/skills/genesis/examples/02-review-panel-architecture.md
  runtime: null
  scope: project
  owners:
  - danielmeppiel/genesis
  active_owner: danielmeppiel/genesis
  content_hash: sha256:2de53dbc41ad6fe1d75dd6b5cdef8a712b3db5c20c19de2e9de37c1bd8ce8372
- kind: project-relative
  target: claude
  value: .claude/skills/genesis/examples/03-release-notes-single-skill.md
  runtime: null
  scope: project
  owners:
  - danielmeppiel/genesis
  active_owner: danielmeppiel/genesis
  content_hash: sha256:0c3cd11853c001698127c0ec459ab160ccbbd92693b4af3ba00f38dc66c14dd7
- kind: project-relative
  target: claude
  value: .claude/skills/genesis/examples/04-pr-review-advisory.md
  runtime: null
  scope: project
  owners:
  - danielmeppiel/genesis
  active_owner: danielmeppiel/genesis
  content_hash: sha256:95357a340e935eb8b0d6371f1f4b387222e102013c6da1896009b2c65cbaf155
- kind: project-relative
  target: claude
  value: .claude/skills/genesis/examples/05-pr-review-verdict.md
  runtime: null
  scope: project
  owners:
  - danielmeppiel/genesis
  active_owner: danielmeppiel/genesis
  content_hash: sha256:0f9c455e60ef7a2b05b82b58f65a22349aa858b2cb68fe381b3e59f157f031ec
- kind: project-relative
  target: claude
  value: .claude/skills/genesis/examples/06-cost-aware-panel.md
  runtime: null
  scope: project
  owners:
  - danielmeppiel/genesis
  active_owner: danielmeppiel/genesis
  content_hash: sha256:4b7f3e5a1b406a493ec54ce8dba6f26539b917acc151e7538f6dfc6ffc57f701
- kind: project-relative
  target: claude
  value: .claude/skills/genesis/examples/README.md
  runtime: null
  scope: project
  owners:
  - danielmeppiel/genesis
  active_owner: danielmeppiel/genesis
  content_hash: sha256:b2acc15f7533aa601dc832662df98710162149a63e2210f7da9d148f4a386b91
- kind: project-relative
  target: claude
  value: .claude/skills/genesis/references/audience-boundary.md
  runtime: null
  scope: project
  owners:
  - danielmeppiel/genesis
  active_owner: danielmeppiel/genesis
  content_hash: sha256:85b1dbc98a0fc3115c6c6a92046a290167e1fcd90fe0ae035ec21026e2ec9387
- kind: project-relative
  target: claude
  value: .claude/skills/genesis/references/cost-economics-process.md
  runtime: null
  scope: project
  owners:
  - danielmeppiel/genesis
  active_owner: danielmeppiel/genesis
  content_hash: sha256:e14f743132897132119b0711b252733e4804d55942fca97a2d12d1fc744285f5
- kind: project-relative
  target: copilot
  value: .agents/skills/genesis
  runtime: null
  scope: project
  owners:
  - danielmeppiel/genesis
  active_owner: danielmeppiel/genesis
  content_hash: null
- kind: project-relative
  target: copilot
  value: .agents/skills/genesis/SKILL.md
  runtime: null
  scope: project
  owners:
  - danielmeppiel/genesis
  active_owner: danielmeppiel/genesis
  content_hash: sha256:aac6c9da9ec96b0bb5c1c76da30041fc6a1e8d9449299b8b57d6e495fa8d06d9
- kind: project-relative
  target: copilot
  value: .agents/skills/genesis/agents/genesis-architect.agent.md
  runtime: null
  scope: project
  owners:
  - danielmeppiel/genesis
  active_owner: danielmeppiel/genesis
  content_hash: sha256:8aef1ec944011982ca863052263bf1fa6d8e798d13d657387b5bd5b1d2f38c43
- kind: project-relative
  target: copilot
  value: .agents/skills/genesis/assets/architectural-patterns.md
  runtime: null
  scope: project
  owners:
  - danielmeppiel/genesis
  active_owner: danielmeppiel/genesis
  content_hash: sha256:36e01da56846c14fd53cda1a0f57b54cef707bdc48d346fbee7f0589c3c20fc7
- kind: project-relative
  target: copilot
  value: .agents/skills/genesis/assets/caveman-templates.md
  runtime: null
  scope: project
  owners:
  - danielmeppiel/genesis
  active_owner: danielmeppiel/genesis
  content_hash: sha256:6386595d52c2c92a0670c98528a1c4b68f420b67310c01afc543248dc46903b1
- kind: project-relative
  target: copilot
  value: .agents/skills/genesis/assets/composition-substrate.md
  runtime: null
  scope: project
  owners:
  - danielmeppiel/genesis
  active_owner: danielmeppiel/genesis
  content_hash: sha256:bf25156120f6a722a84c631df5403183d859378dfafeb23c52afbe28be755625
- kind: project-relative
  target: copilot
  value: .agents/skills/genesis/assets/design-patterns.md
  runtime: null
  scope: project
  owners:
  - danielmeppiel/genesis
  active_owner: danielmeppiel/genesis
  content_hash: sha256:b74607df38466dc54dd58235486b8cc0846ec9be4658cb5a32d56ac431a746e7
- kind: project-relative
  target: copilot
  value: .agents/skills/genesis/assets/mermaid-conventions.md
  runtime: null
  scope: project
  owners:
  - danielmeppiel/genesis
  active_owner: danielmeppiel/genesis
  content_hash: sha256:e87d19f79eb696213dce08c92a60da5c552bf0ebe6485c306d7352acce474523
- kind: project-relative
  target: copilot
  value: .agents/skills/genesis/assets/module-system-adapters/apm.md
  runtime: null
  scope: project
  owners:
  - danielmeppiel/genesis
  active_owner: danielmeppiel/genesis
  content_hash: sha256:da5557656ab329845d12604eac333c885a36661f0c12c7d94542b33c8f373999
- kind: project-relative
  target: copilot
  value: .agents/skills/genesis/assets/pattern-tradeoffs.md
  runtime: null
  scope: project
  owners:
  - danielmeppiel/genesis
  active_owner: danielmeppiel/genesis
  content_hash: sha256:74276224b4b01f1f4d44fca97fc60898f96d17ba4b9ed80a41ef11cc2009eefa
- kind: project-relative
  target: copilot
  value: .agents/skills/genesis/assets/primitives.md
  runtime: null
  scope: project
  owners:
  - danielmeppiel/genesis
  active_owner: danielmeppiel/genesis
  content_hash: sha256:2b1e41147f465b28a16b1cff32f0abf464402db035c2d581e65ebc1ab705ba87
- kind: project-relative
  target: copilot
  value: .agents/skills/genesis/assets/refactor-patterns.md
  runtime: null
  scope: project
  owners:
  - danielmeppiel/genesis
  active_owner: danielmeppiel/genesis
  content_hash: sha256:876038934797d8330f9524d54a637459249f7669d215326d6ca35dca0431eeeb
- kind: project-relative
  target: copilot
  value: .agents/skills/genesis/assets/runtime-affordances/common.md
  runtime: null
  scope: project
  owners:
  - danielmeppiel/genesis
  active_owner: danielmeppiel/genesis
  content_hash: sha256:e7108e692e3f356a5423f564a5e509ebc6f8a08d569a6c44bf8e5746965ef1a1
- kind: project-relative
  target: copilot
  value: .agents/skills/genesis/assets/runtime-affordances/model-catalog.md
  runtime: null
  scope: project
  owners:
  - danielmeppiel/genesis
  active_owner: danielmeppiel/genesis
  content_hash: sha256:c88ceb8394dedb609bddf23a04b72fde9c33714dfa124ea4f00b7552b3ce34a5
- kind: project-relative
  target: copilot
  value: .agents/skills/genesis/assets/runtime-affordances/per-harness/claude-code.md
  runtime: null
  scope: project
  owners:
  - danielmeppiel/genesis
  active_owner: danielmeppiel/genesis
  content_hash: sha256:8a016663e696c229ea29135e37b81f9f7f9c2ba9f493cc1cc54a79bac0582978
- kind: project-relative
  target: copilot
  value: .agents/skills/genesis/assets/runtime-affordances/per-harness/codex.md
  runtime: null
  scope: project
  owners:
  - danielmeppiel/genesis
  active_owner: danielmeppiel/genesis
  content_hash: sha256:92bf82715e63b2b69e9bc16a42c5e896ce70203a8a83d9fc1969ec3c72d235d9
- kind: project-relative
  target: copilot
  value: .agents/skills/genesis/assets/runtime-affordances/per-harness/copilot.md
  runtime: null
  scope: project
  owners:
  - danielmeppiel/genesis
  active_owner: danielmeppiel/genesis
  content_hash: sha256:9d264b0bc3dfbb5f73668ac504c354dc5db4a1aedde3f23b302485c0f2a060af
- kind: project-relative
  target: copilot
  value: .agents/skills/genesis/assets/runtime-affordances/per-harness/cursor.md
  runtime: null
  scope: project
  owners:
  - danielmeppiel/genesis
  active_owner: danielmeppiel/genesis
  content_hash: sha256:ebeebfc846b642cc58eecce3a5e2dfa8c5de4f2509de5acc4e7d08740c329b7e
- kind: project-relative
  target: copilot
  value: .agents/skills/genesis/assets/runtime-affordances/per-harness/opencode.md
  runtime: null
  scope: project
  owners:
  - danielmeppiel/genesis
  active_owner: danielmeppiel/genesis
  content_hash: sha256:1b920f1a21ed5e0e94eedc354471180e99a17cf5d56df97bebfc1387f2a29315
- kind: project-relative
  target: copilot
  value: .agents/skills/genesis/assets/runtime-affordances/per-trigger-surface/gh-aw.md
  runtime: null
  scope: project
  owners:
  - danielmeppiel/genesis
  active_owner: danielmeppiel/genesis
  content_hash: sha256:774132a577567ab35b0bd951af8d6ebebbb471fbbc4b2330f09a3db6102909af
- kind: project-relative
  target: copilot
  value: .agents/skills/genesis/assets/runtime-affordances/portability-rules.md
  runtime: null
  scope: project
  owners:
  - danielmeppiel/genesis
  active_owner: danielmeppiel/genesis
  content_hash: sha256:49b787e57a987ff3b11dacb2d7d5803deb5296f67e78d69f1c980270f8e6d96f
- kind: project-relative
  target: copilot
  value: .agents/skills/genesis/assets/runtime-affordances/references/benchmark-grounding.md
  runtime: null
  scope: project
  owners:
  - danielmeppiel/genesis
  active_owner: danielmeppiel/genesis
  content_hash: sha256:86484eb8839f1d3e62f50969ee6e6282a3f477dc2c9b3c3a7ad1637809dba393
- kind: project-relative
  target: copilot
  value: .agents/skills/genesis/assets/token-economics.md
  runtime: null
  scope: project
  owners:
  - danielmeppiel/genesis
  active_owner: danielmeppiel/genesis
  content_hash: sha256:675d0d629e2a3c23da0f8981eb92a0d0fdfeee541e8200c88039790e2d75b04e
- kind: project-relative
  target: copilot
  value: .agents/skills/genesis/examples/01-readme-iteration.md
  runtime: null
  scope: project
  owners:
  - danielmeppiel/genesis
  active_owner: danielmeppiel/genesis
  content_hash: sha256:faf4c3905829f91ca9c7331636672c86c1dea5f89e6462546f39963f0146a14b
- kind: project-relative
  target: copilot
  value: .agents/skills/genesis/examples/02-review-panel-architecture.md
  runtime: null
  scope: project
  owners:
  - danielmeppiel/genesis
  active_owner: danielmeppiel/genesis
  content_hash: sha256:2de53dbc41ad6fe1d75dd6b5cdef8a712b3db5c20c19de2e9de37c1bd8ce8372
- kind: project-relative
  target: copilot
  value: .agents/skills/genesis/examples/03-release-notes-single-skill.md
  runtime: null
  scope: project
  owners:
  - danielmeppiel/genesis
  active_owner: danielmeppiel/genesis
  content_hash: sha256:0c3cd11853c001698127c0ec459ab160ccbbd92693b4af3ba00f38dc66c14dd7
- kind: project-relative
  target: copilot
  value: .agents/skills/genesis/examples/04-pr-review-advisory.md
  runtime: null
  scope: project
  owners:
  - danielmeppiel/genesis
  active_owner: danielmeppiel/genesis
  content_hash: sha256:95357a340e935eb8b0d6371f1f4b387222e102013c6da1896009b2c65cbaf155
- kind: project-relative
  target: copilot
  value: .agents/skills/genesis/examples/05-pr-review-verdict.md
  runtime: null
  scope: project
  owners:
  - danielmeppiel/genesis
  active_owner: danielmeppiel/genesis
  content_hash: sha256:0f9c455e60ef7a2b05b82b58f65a22349aa858b2cb68fe381b3e59f157f031ec
- kind: project-relative
  target: copilot
  value: .agents/skills/genesis/examples/06-cost-aware-panel.md
  runtime: null
  scope: project
  owners:
  - danielmeppiel/genesis
  active_owner: danielmeppiel/genesis
  content_hash: sha256:4b7f3e5a1b406a493ec54ce8dba6f26539b917acc151e7538f6dfc6ffc57f701
- kind: project-relative
  target: copilot
  value: .agents/skills/genesis/examples/README.md
  runtime: null
  scope: project
  owners:
  - danielmeppiel/genesis
  active_owner: danielmeppiel/genesis
  content_hash: sha256:b2acc15f7533aa601dc832662df98710162149a63e2210f7da9d148f4a386b91
- kind: project-relative
  target: copilot
  value: .agents/skills/genesis/references/audience-boundary.md
  runtime: null
  scope: project
  owners:
  - danielmeppiel/genesis
  active_owner: danielmeppiel/genesis
  content_hash: sha256:85b1dbc98a0fc3115c6c6a92046a290167e1fcd90fe0ae035ec21026e2ec9387
- kind: project-relative
  target: copilot
  value: .agents/skills/genesis/references/cost-economics-process.md
  runtime: null
  scope: project
  owners:
  - danielmeppiel/genesis
  active_owner: danielmeppiel/genesis
  content_hash: sha256:e14f743132897132119b0711b252733e4804d55942fca97a2d12d1fc744285f5
- kind: project-relative
  target: copilot
  value: .github/agents/airchon-author.agent.md
  runtime: null
  scope: project
  owners:
  - .
  active_owner: .
  content_hash: sha256:2fe865da154752902625a4ec3f8f9e4e5b85be1baf7b4d6b0ae58f47cc4728ac
- kind: project-relative
  target: copilot
  value: .github/agents/airchon-mentor.agent.md
  runtime: null
  scope: project
  owners:
  - .
  active_owner: .
  content_hash: sha256:e8c74af02a3a6dbc9aa2fd7234a4e943ae91d564fdc99a103c77378f7f6087f6
- kind: project-relative
  target: copilot
  value: .github/agents/airchon-teacher.agent.md
  runtime: null
  scope: project
  owners:
  - .
  active_owner: .
  content_hash: sha256:5d04f3347005e5034b8f4f1bd4cc6261810d94f356e47956729bece74aa3a697
- kind: project-relative
  target: opencode
  value: .opencode/agents/airchon-author.md
  runtime: null
  scope: project
  owners:
  - .
  active_owner: .
  content_hash: sha256:2fe865da154752902625a4ec3f8f9e4e5b85be1baf7b4d6b0ae58f47cc4728ac
- kind: project-relative
  target: opencode
  value: .opencode/agents/airchon-mentor.md
  runtime: null
  scope: project
  owners:
  - .
  active_owner: .
  content_hash: sha256:e8c74af02a3a6dbc9aa2fd7234a4e943ae91d564fdc99a103c77378f7f6087f6
- kind: project-relative
  target: opencode
  value: .opencode/agents/airchon-teacher.md
  runtime: null
  scope: project
  owners:
  - .
  active_owner: .
  content_hash: sha256:5d04f3347005e5034b8f4f1bd4cc6261810d94f356e47956729bece74aa3a697
local_deployed_files:
- .agents/skills/airchon
- .agents/skills/airchon-sync
- .agents/skills/airchon-sync/SKILL.md
- .agents/skills/airchon-sync/references/handoff-prompt-template.md
- .agents/skills/airchon-sync/scripts/check_drift.py
- .agents/skills/airchon/SKILL.md
- .agents/skills/airchon/references/harnesses/agent-loop-implementations.md
- .agents/skills/airchon/references/harnesses/agent-loop.md
- .agents/skills/airchon/references/harnesses/index.md
- .agents/skills/airchon/references/harnesses/instruction-context-budget.md
- .agents/skills/airchon/references/harnesses/mcp-integration.md
- .agents/skills/airchon/references/harnesses/memory-management.md
- .claude/agents/airchon-author.md
- .claude/agents/airchon-mentor.md
- .claude/agents/airchon-teacher.md
- .claude/skills/airchon
- .claude/skills/airchon-sync
- .claude/skills/airchon-sync/SKILL.md
- .claude/skills/airchon-sync/references/handoff-prompt-template.md
- .claude/skills/airchon-sync/scripts/check_drift.py
- .claude/skills/airchon/SKILL.md
- .github/agents/airchon-author.agent.md
- .github/agents/airchon-mentor.agent.md
- .github/agents/airchon-teacher.agent.md
- .opencode/agents/airchon-author.md
- .opencode/agents/airchon-mentor.md
- .opencode/agents/airchon-teacher.md
local_deployed_file_hashes:
  .agents/skills/airchon-sync/SKILL.md: sha256:81819df71eb955a8774e393cb9d7f651171a2e169e7be3993aeec0de7733aa6b
  .agents/skills/airchon-sync/references/handoff-prompt-template.md: sha256:2a9538d32a460e67ec9d2fdef28938f7fbc74d27128d88a48e239586e9e22a5f
  .agents/skills/airchon-sync/scripts/check_drift.py: sha256:8fc15ccc3265c9a67520ab85322f5b58b7646eb96606a87c1b4db2e9e12985a2
  .agents/skills/airchon/SKILL.md: sha256:032f831a857d7e13cad0a6a13a20a0223917667d77fdf17903fdfba21716c9c4
  .agents/skills/airchon/references/harnesses/agent-loop-implementations.md: sha256:dbf941e48a2a3139a852ff925842e7ab6a0bf60d3452fdf500a0bc494265c6be
  .agents/skills/airchon/references/harnesses/agent-loop.md: sha256:74e6ef6b66d3f5e920c9abdd64284e5d6b63ecbb19d45745b31848144d852d04
  .agents/skills/airchon/references/harnesses/index.md: sha256:4d6ddb7deb3977af79ad91555ec8f9e2dbd2ac2cad537299bd831bd3f2adb530
  .agents/skills/airchon/references/harnesses/instruction-context-budget.md: sha256:0d851fa2b4d1142615c5640b46579ab078ff89f53aaefa0bb92209dee1fc3b5d
  .agents/skills/airchon/references/harnesses/mcp-integration.md: sha256:b1569099c5dc0bee4838ef7fbab53d6096eb79f1278d0a55692a97a96f50dde9
  .agents/skills/airchon/references/harnesses/memory-management.md: sha256:d27559323f5404548ecd9aa20d701a5da2b77ad8af3c658c32956b59c00c1bf0
  .claude/agents/airchon-author.md: sha256:2fe865da154752902625a4ec3f8f9e4e5b85be1baf7b4d6b0ae58f47cc4728ac
  .claude/agents/airchon-mentor.md: sha256:e8c74af02a3a6dbc9aa2fd7234a4e943ae91d564fdc99a103c77378f7f6087f6
  .claude/agents/airchon-teacher.md: sha256:5d04f3347005e5034b8f4f1bd4cc6261810d94f356e47956729bece74aa3a697
  .claude/skills/airchon-sync/SKILL.md: sha256:81819df71eb955a8774e393cb9d7f651171a2e169e7be3993aeec0de7733aa6b
  .claude/skills/airchon-sync/references/handoff-prompt-template.md: sha256:2a9538d32a460e67ec9d2fdef28938f7fbc74d27128d88a48e239586e9e22a5f
  .claude/skills/airchon-sync/scripts/check_drift.py: sha256:8fc15ccc3265c9a67520ab85322f5b58b7646eb96606a87c1b4db2e9e12985a2
  .claude/skills/airchon/SKILL.md: sha256:032f831a857d7e13cad0a6a13a20a0223917667d77fdf17903fdfba21716c9c4
  .github/agents/airchon-author.agent.md: sha256:2fe865da154752902625a4ec3f8f9e4e5b85be1baf7b4d6b0ae58f47cc4728ac
  .github/agents/airchon-mentor.agent.md: sha256:e8c74af02a3a6dbc9aa2fd7234a4e943ae91d564fdc99a103c77378f7f6087f6
  .github/agents/airchon-teacher.agent.md: sha256:5d04f3347005e5034b8f4f1bd4cc6261810d94f356e47956729bece74aa3a697
  .opencode/agents/airchon-author.md: sha256:2fe865da154752902625a4ec3f8f9e4e5b85be1baf7b4d6b0ae58f47cc4728ac
  .opencode/agents/airchon-mentor.md: sha256:e8c74af02a3a6dbc9aa2fd7234a4e943ae91d564fdc99a103c77378f7f6087f6
  .opencode/agents/airchon-teacher.md: sha256:5d04f3347005e5034b8f4f1bd4cc6261810d94f356e47956729bece74aa3a697
